
Microsoft Visual Studio Solution File, Format Version 12.00
# Visual Studio Version 17
VisualStudioVersion = 17.8.34330.188
MinimumVisualStudioVersion = 10.0.40219.1
Project("{9A19103F-16F7-4668-BE54-9A1E7A4F7556}") = "FinTrack", "FinTrack\FinTrack.csproj", "{F25C074B-9AB8-4D87-91CB-55DE4E7553D8}"
EndProject
Project("{9A19103F-16F7-4668-BE54-9A1E7A4F7556}") = "FinTrack_DataAccess", "FinTrack_DataAccess\FinTrack_DataAccess.csproj", "{F548824F-5EF5-42F6-8E3B-D4E89D13856C}"
EndProject
Project("{9A19103F-16F7-4668-BE54-9A1E7A4F7556}") = "FinTrack_Common", "FinTrack_Common\FinTrack_Common.csproj", "{506AD65D-3A26-4597-A11E-43937B2BBC4F}"
EndProject
Project("{9A19103F-16F7-4668-BE54-9A1E7A4F7556}") = "FinTrack_API", "FinTrack_API\FinTrack_API.csproj", "{BC6F2BF1-291F-4313-BAC1-A9174F56EA0C}"
EndProject
Project("{9A19103F-16F7-4668-BE54-9A1E7A4F7556}") = "FinTrack_Models", "FinTrack_Models\FinTrack_Models.csproj", "{B30F012D-944D-4501-893E-44BCB9144336}"
EndProject
Project("{9A19103F-16F7-4668-BE54-9A1E7A4F7556}") = "FinTrack_Business", "FinTrack_Business\FinTrack_Business.csproj", "{6BA92D04-0E35-4EBE-A2FF-AE759859571A}"
EndProject
Global
	GlobalSection(SolutionConfigurationPlatforms) = preSolution
		Debug|Any CPU = Debug|Any CPU
		Release|Any CPU = Release|Any CPU
	EndGlobalSection
	GlobalSection(ProjectConfigurationPlatforms) = postSolution
		{F25C074B-9AB8-4D87-91CB-55DE4E7553D8}.Debug|Any CPU.ActiveCfg = Debug|Any CPU
		{F25C074B-9AB8-4D87-91CB-55DE4E7553D8}.Debug|Any CPU.Build.0 = Debug|Any CPU
		{F25C074B-9AB8-4D87-91CB-55DE4E7553D8}.Debug|Any CPU.Deploy.0 = Debug|Any CPU
		{F25C074B-9AB8-4D87-91CB-55DE4E7553D8}.Release|Any CPU.ActiveCfg = Release|Any CPU
		{F25C074B-9AB8-4D87-91CB-55DE4E7553D8}.Release|Any CPU.Build.0 = Release|Any CPU
		{F25C074B-9AB8-4D87-91CB-55DE4E7553D8}.Release|Any CPU.Deploy.0 = Release|Any CPU
		{F548824F-5EF5-42F6-8E3B-D4E89D13856C}.Debug|Any CPU.ActiveCfg = Debug|Any CPU
		{F548824F-5EF5-42F6-8E3B-D4E89D13856C}.Debug|Any CPU.Build.0 = Debug|Any CPU
		{F548824F-5EF5-42F6-8E3B-D4E89D13856C}.Release|Any CPU.ActiveCfg = Release|Any CPU
		{F548824F-5EF5-42F6-8E3B-D4E89D13856C}.Release|Any CPU.Build.0 = Release|Any CPU
		{506AD65D-3A26-4597-A11E-43937B2BBC4F}.Debug|Any CPU.ActiveCfg = Debug|Any CPU
		{506AD65D-3A26-4597-A11E-43937B2BBC4F}.Debug|Any CPU.Build.0 = Debug|Any CPU
		{506AD65D-3A26-4597-A11E-43937B2BBC4F}.Release|Any CPU.ActiveCfg = Release|Any CPU
		{506AD65D-3A26-4597-A11E-43937B2BBC4F}.Release|Any CPU.Build.0 = Release|Any CPU
		{BC6F2BF1-291F-4313-BAC1-A9174F56EA0C}.Debug|Any CPU.ActiveCfg = Debug|Any CPU
		{BC6F2BF1-291F-4313-BAC1-A9174F56EA0C}.Debug|Any CPU.Build.0 = Debug|Any CPU
		{BC6F2BF1-291F-4313-BAC1-A9174F56EA0C}.Release|Any CPU.ActiveCfg = Release|Any CPU
		{BC6F2BF1-291F-4313-BAC1-A9174F56EA0C}.Release|Any CPU.Build.0 = Release|Any CPU
		{B30F012D-944D-4501-893E-44BCB9144336}.Debug|Any CPU.ActiveCfg = Debug|Any CPU
		{B30F012D-944D-4501-893E-44BCB9144336}.Debug|Any CPU.Build.0 = Debug|Any CPU
		{B30F012D-944D-4501-893E-44BCB9144336}.Release|Any CPU.ActiveCfg = Release|Any CPU
		{B30F012D-944D-4501-893E-44BCB9144336}.Release|Any CPU.Build.0 = Release|Any CPU
		{6BA92D04-0E35-4EBE-A2FF-AE759859571A}.Debug|Any CPU.ActiveCfg = Debug|Any CPU
		{6BA92D04-0E35-4EBE-A2FF-AE759859571A}.Debug|Any CPU.Build.0 = Debug|Any CPU
		{6BA92D04-0E35-4EBE-A2FF-AE759859571A}.Release|Any CPU.ActiveCfg = Release|Any CPU
		{6BA92D04-0E35-4EBE-A2FF-AE759859571A}.Release|Any CPU.Build.0 = Release|Any CPU
	EndGlobalSection
	GlobalSection(SolutionProperties) = preSolution
		HideSolutionNode = FALSE
	EndGlobalSection
	GlobalSection(ExtensibilityGlobals) = postSolution
		SolutionGuid = {732B5049-2D57-4591-A614-6BDE5CF59E56}
	EndGlobalSection
EndGlobal
